
Microsoft Visual Studio Solution File, Format Version 12.00
# Visual Studio Version 17
VisualStudioVersion = 17.8.34227.203
MinimumVisualStudioVersion = 10.0.40219.1
Project("{9A19103F-16F7-4668-BE54-9A1E7A4F7556}") = "NETCORE", "NETCORE.csproj", "{23320D13-1E4C-464B-8C44-EE640E903541}"
EndProject
Global
	GlobalSection(SolutionConfigurationPlatforms) = preSolution
		Debug|Any CPU = Debug|Any CPU
		Release|Any CPU = Release|Any CPU
	EndGlobalSection
	GlobalSection(ProjectConfigurationPlatforms) = postSolution
		{23320D13-1E4C-464B-8C44-EE640E903541}.Debug|Any CPU.ActiveCfg = Debug|Any CPU
		{23320D13-1E4C-464B-8C44-EE640E903541}.Debug|Any CPU.Build.0 = Debug|Any CPU
		{23320D13-1E4C-464B-8C44-EE640E903541}.Release|Any CPU.ActiveCfg = Release|Any CPU
		{23320D13-1E4C-464B-8C44-EE640E903541}.Release|Any CPU.Build.0 = Release|Any CPU
	EndGlobalSection
	GlobalSection(SolutionProperties) = preSolution
		HideSolutionNode = FALSE
	EndGlobalSection
	GlobalSection(ExtensibilityGlobals) = postSolution
		SolutionGuid = {19A1AF8E-E343-4BEB-B360-3B73FD28225B}
	EndGlobalSection
EndGlobal
